
Microsoft Visual Studio Solution File, Format Version 12.00
# Visual Studio 15
VisualStudioVersion = 15.0.26124.0
MinimumVisualStudioVersion = 15.0.26124.0
Project("{2150E333-8FDC-42A3-9474-1A3956D46DE8}") = "src", "src", "{D9FE4DF4-D223-4F9A-A68A-AE1B55190ED1}"
EndProject
Project("{FAE04EC0-301F-11D3-BF4B-00C04F79EFBC}") = "Ecoji", "src\Ecoji\Ecoji.csproj", "{0C6CF49B-D030-47F4-93FC-9BE171C48C19}"
EndProject
Project("{FAE04EC0-301F-11D3-BF4B-00C04F79EFBC}") = "Ecoji.Tests", "src\Ecoji.Tests\Ecoji.Tests.csproj", "{739E2D4E-ABCE-4813-AECC-ADD3BE73862B}"
EndProject
Project("{FAE04EC0-301F-11D3-BF4B-00C04F79EFBC}") = "Ecoji.CommandLineTool", "src\Ecoji.CommandLineTool\Ecoji.CommandLineTool.csproj", "{96E26F69-00FF-45A3-99C0-47AAEF827C17}"
EndProject
Project("{FAE04EC0-301F-11D3-BF4B-00C04F79EFBC}") = "Ecoji.MappingGenerator", "src\Ecoji.MappingGenerator\Ecoji.MappingGenerator.csproj", "{E5599F91-D681-4986-B67B-B3E9B4382F20}"
EndProject
Global
	GlobalSection(SolutionConfigurationPlatforms) = preSolution
		Debug|Any CPU = Debug|Any CPU
		Debug|x64 = Debug|x64
		Debug|x86 = Debug|x86
		Release|Any CPU = Release|Any CPU
		Release|x64 = Release|x64
		Release|x86 = Release|x86
	EndGlobalSection
	GlobalSection(SolutionProperties) = preSolution
		HideSolutionNode = FALSE
	EndGlobalSection
	GlobalSection(ProjectConfigurationPlatforms) = postSolution
		{0C6CF49B-D030-47F4-93FC-9BE171C48C19}.Debug|Any CPU.ActiveCfg = Debug|Any CPU
		{0C6CF49B-D030-47F4-93FC-9BE171C48C19}.Debug|Any CPU.Build.0 = Debug|Any CPU
		{0C6CF49B-D030-47F4-93FC-9BE171C48C19}.Debug|x64.ActiveCfg = Debug|Any CPU
		{0C6CF49B-D030-47F4-93FC-9BE171C48C19}.Debug|x64.Build.0 = Debug|Any CPU
		{0C6CF49B-D030-47F4-93FC-9BE171C48C19}.Debug|x86.ActiveCfg = Debug|Any CPU
		{0C6CF49B-D030-47F4-93FC-9BE171C48C19}.Debug|x86.Build.0 = Debug|Any CPU
		{0C6CF49B-D030-47F4-93FC-9BE171C48C19}.Release|Any CPU.ActiveCfg = Release|Any CPU
		{0C6CF49B-D030-47F4-93FC-9BE171C48C19}.Release|Any CPU.Build.0 = Release|Any CPU
		{0C6CF49B-D030-47F4-93FC-9BE171C48C19}.Release|x64.ActiveCfg = Release|Any CPU
		{0C6CF49B-D030-47F4-93FC-9BE171C48C19}.Release|x64.Build.0 = Release|Any CPU
		{0C6CF49B-D030-47F4-93FC-9BE171C48C19}.Release|x86.ActiveCfg = Release|Any CPU
		{0C6CF49B-D030-47F4-93FC-9BE171C48C19}.Release|x86.Build.0 = Release|Any CPU
		{739E2D4E-ABCE-4813-AECC-ADD3BE73862B}.Debug|Any CPU.ActiveCfg = Debug|Any CPU
		{739E2D4E-ABCE-4813-AECC-ADD3BE73862B}.Debug|Any CPU.Build.0 = Debug|Any CPU
		{739E2D4E-ABCE-4813-AECC-ADD3BE73862B}.Debug|x64.ActiveCfg = Debug|Any CPU
		{739E2D4E-ABCE-4813-AECC-ADD3BE73862B}.Debug|x64.Build.0 = Debug|Any CPU
		{739E2D4E-ABCE-4813-AECC-ADD3BE73862B}.Debug|x86.ActiveCfg = Debug|Any CPU
		{739E2D4E-ABCE-4813-AECC-ADD3BE73862B}.Debug|x86.Build.0 = Debug|Any CPU
		{739E2D4E-ABCE-4813-AECC-ADD3BE73862B}.Release|Any CPU.ActiveCfg = Release|Any CPU
		{739E2D4E-ABCE-4813-AECC-ADD3BE73862B}.Release|Any CPU.Build.0 = Release|Any CPU
		{739E2D4E-ABCE-4813-AECC-ADD3BE73862B}.Release|x64.ActiveCfg = Release|Any CPU
		{739E2D4E-ABCE-4813-AECC-ADD3BE73862B}.Release|x64.Build.0 = Release|Any CPU
		{739E2D4E-ABCE-4813-AECC-ADD3BE73862B}.Release|x86.ActiveCfg = Release|Any CPU
		{739E2D4E-ABCE-4813-AECC-ADD3BE73862B}.Release|x86.Build.0 = Release|Any CPU
		{96E26F69-00FF-45A3-99C0-47AAEF827C17}.Debug|Any CPU.ActiveCfg = Debug|Any CPU
		{96E26F69-00FF-45A3-99C0-47AAEF827C17}.Debug|Any CPU.Build.0 = Debug|Any CPU
		{96E26F69-00FF-45A3-99C0-47AAEF827C17}.Debug|x64.ActiveCfg = Debug|Any CPU
		{96E26F69-00FF-45A3-99C0-47AAEF827C17}.Debug|x64.Build.0 = Debug|Any CPU
		{96E26F69-00FF-45A3-99C0-47AAEF827C17}.Debug|x86.ActiveCfg = Debug|Any CPU
		{96E26F69-00FF-45A3-99C0-47AAEF827C17}.Debug|x86.Build.0 = Debug|Any CPU
		{96E26F69-00FF-45A3-99C0-47AAEF827C17}.Release|Any CPU.ActiveCfg = Release|Any CPU
		{96E26F69-00FF-45A3-99C0-47AAEF827C17}.Release|Any CPU.Build.0 = Release|Any CPU
		{96E26F69-00FF-45A3-99C0-47AAEF827C17}.Release|x64.ActiveCfg = Release|Any CPU
		{96E26F69-00FF-45A3-99C0-47AAEF827C17}.Release|x64.Build.0 = Release|Any CPU
		{96E26F69-00FF-45A3-99C0-47AAEF827C17}.Release|x86.ActiveCfg = Release|Any CPU
		{96E26F69-00FF-45A3-99C0-47AAEF827C17}.Release|x86.Build.0 = Release|Any CPU
		{E5599F91-D681-4986-B67B-B3E9B4382F20}.Debug|Any CPU.ActiveCfg = Debug|Any CPU
		{E5599F91-D681-4986-B67B-B3E9B4382F20}.Debug|Any CPU.Build.0 = Debug|Any CPU
		{E5599F91-D681-4986-B67B-B3E9B4382F20}.Debug|x64.ActiveCfg = Debug|Any CPU
		{E5599F91-D681-4986-B67B-B3E9B4382F20}.Debug|x64.Build.0 = Debug|Any CPU
		{E5599F91-D681-4986-B67B-B3E9B4382F20}.Debug|x86.ActiveCfg = Debug|Any CPU
		{E5599F91-D681-4986-B67B-B3E9B4382F20}.Debug|x86.Build.0 = Debug|Any CPU
		{E5599F91-D681-4986-B67B-B3E9B4382F20}.Release|Any CPU.ActiveCfg = Release|Any CPU
		{E5599F91-D681-4986-B67B-B3E9B4382F20}.Release|Any CPU.Build.0 = Release|Any CPU
		{E5599F91-D681-4986-B67B-B3E9B4382F20}.Release|x64.ActiveCfg = Release|Any CPU
		{E5599F91-D681-4986-B67B-B3E9B4382F20}.Release|x64.Build.0 = Release|Any CPU
		{E5599F91-D681-4986-B67B-B3E9B4382F20}.Release|x86.ActiveCfg = Release|Any CPU
		{E5599F91-D681-4986-B67B-B3E9B4382F20}.Release|x86.Build.0 = Release|Any CPU
	EndGlobalSection
	GlobalSection(NestedProjects) = preSolution
		{0C6CF49B-D030-47F4-93FC-9BE171C48C19} = {D9FE4DF4-D223-4F9A-A68A-AE1B55190ED1}
		{739E2D4E-ABCE-4813-AECC-ADD3BE73862B} = {D9FE4DF4-D223-4F9A-A68A-AE1B55190ED1}
		{96E26F69-00FF-45A3-99C0-47AAEF827C17} = {D9FE4DF4-D223-4F9A-A68A-AE1B55190ED1}
		{E5599F91-D681-4986-B67B-B3E9B4382F20} = {D9FE4DF4-D223-4F9A-A68A-AE1B55190ED1}
	EndGlobalSection
EndGlobal
